
Microsoft Visual Studio Solution File, Format Version 12.00
# Visual Studio 15
VisualStudioVersion = 15.0.26228.12
MinimumVisualStudioVersion = 10.0.40219.1
Project("{9A19103F-16F7-4668-BE54-9A1E7A4F7556}") = "KamadoNetCoreTests", "test\KamadoNetCoreTests.csproj", "{798309FE-6140-4165-B0F6-BC7BD0A61EC8}"
EndProject
Project("{9A19103F-16F7-4668-BE54-9A1E7A4F7556}") = "KamadoNetCore", "src\KamadoNetCore.csproj", "{E7D88A01-BCD5-4815-8396-ECDC64C85319}"
EndProject
Project("{2150E333-8FDC-42A3-9474-1A3956D46DE8}") = "Solution Items", "Solution Items", "{C996CE1A-62D9-4264-8447-8B8942F82897}"
	ProjectSection(SolutionItems) = preProject
		global.json = global.json
	EndProjectSection
EndProject
Global
	GlobalSection(SolutionConfigurationPlatforms) = preSolution
		Debug|Any CPU = Debug|Any CPU
		Debug|x64 = Debug|x64
		Debug|x86 = Debug|x86
		Release|Any CPU = Release|Any CPU
		Release|x64 = Release|x64
		Release|x86 = Release|x86
	EndGlobalSection
	GlobalSection(ProjectConfigurationPlatforms) = postSolution
		{798309FE-6140-4165-B0F6-BC7BD0A61EC8}.Debug|Any CPU.ActiveCfg = Debug|Any CPU
		{798309FE-6140-4165-B0F6-BC7BD0A61EC8}.Debug|Any CPU.Build.0 = Debug|Any CPU
		{798309FE-6140-4165-B0F6-BC7BD0A61EC8}.Debug|x64.ActiveCfg = Debug|Any CPU
		{798309FE-6140-4165-B0F6-BC7BD0A61EC8}.Debug|x64.Build.0 = Debug|Any CPU
		{798309FE-6140-4165-B0F6-BC7BD0A61EC8}.Debug|x86.ActiveCfg = Debug|Any CPU
		{798309FE-6140-4165-B0F6-BC7BD0A61EC8}.Debug|x86.Build.0 = Debug|Any CPU
		{798309FE-6140-4165-B0F6-BC7BD0A61EC8}.Release|Any CPU.ActiveCfg = Release|Any CPU
		{798309FE-6140-4165-B0F6-BC7BD0A61EC8}.Release|Any CPU.Build.0 = Release|Any CPU
		{798309FE-6140-4165-B0F6-BC7BD0A61EC8}.Release|x64.ActiveCfg = Release|Any CPU
		{798309FE-6140-4165-B0F6-BC7BD0A61EC8}.Release|x64.Build.0 = Release|Any CPU
		{798309FE-6140-4165-B0F6-BC7BD0A61EC8}.Release|x86.ActiveCfg = Release|Any CPU
		{798309FE-6140-4165-B0F6-BC7BD0A61EC8}.Release|x86.Build.0 = Release|Any CPU
		{E7D88A01-BCD5-4815-8396-ECDC64C85319}.Debug|Any CPU.ActiveCfg = Debug|Any CPU
		{E7D88A01-BCD5-4815-8396-ECDC64C85319}.Debug|Any CPU.Build.0 = Debug|Any CPU
		{E7D88A01-BCD5-4815-8396-ECDC64C85319}.Debug|x64.ActiveCfg = Debug|Any CPU
		{E7D88A01-BCD5-4815-8396-ECDC64C85319}.Debug|x64.Build.0 = Debug|Any CPU
		{E7D88A01-BCD5-4815-8396-ECDC64C85319}.Debug|x86.ActiveCfg = Debug|Any CPU
		{E7D88A01-BCD5-4815-8396-ECDC64C85319}.Debug|x86.Build.0 = Debug|Any CPU
		{E7D88A01-BCD5-4815-8396-ECDC64C85319}.Release|Any CPU.ActiveCfg = Release|Any CPU
		{E7D88A01-BCD5-4815-8396-ECDC64C85319}.Release|Any CPU.Build.0 = Release|Any CPU
		{E7D88A01-BCD5-4815-8396-ECDC64C85319}.Release|x64.ActiveCfg = Release|Any CPU
		{E7D88A01-BCD5-4815-8396-ECDC64C85319}.Release|x64.Build.0 = Release|Any CPU
		{E7D88A01-BCD5-4815-8396-ECDC64C85319}.Release|x86.ActiveCfg = Release|Any CPU
		{E7D88A01-BCD5-4815-8396-ECDC64C85319}.Release|x86.Build.0 = Release|Any CPU
	EndGlobalSection
	GlobalSection(SolutionProperties) = preSolution
		HideSolutionNode = FALSE
	EndGlobalSection
EndGlobal
